<?xml version="1.0" encoding="utf-8"?>
<Project ToolsVersion="4.0" xmlns="http://schemas.microsoft.com/developer/msbuild/2003">
  <ItemGroup>
    <Filter Include="src">
      <UniqueIdentifier>{2b72fd40-3e2c-4532-b6a6-553e1e2afa0e}</UniqueIdentifier>
    </Filter>
  </ItemGroup>
  <ItemGroup>
    <ClCompile Include="..\src\lua.c">
      <Filter>src</Filter>
    </ClCompile>
    <ClCompile Include="..\src\wmain.c">
      <Filter>src</Filter>
    </ClCompile>
  </ItemGroup>
  <ItemGroup>
    <ResourceCompile Include="..\src\lua.rc">
      <Filter>src</Filter>
    </ResourceCompile>
  </ItemGroup>
</Project>